
Microsoft Visual Studio Solution File, Format Version 12.00
# Visual Studio 15
VisualStudioVersion = 15.0.27004.2010
MinimumVisualStudioVersion = 10.0.40219.1
Project("{8BC9CEB8-8B4A-11D0-8D11-00A0C91BC942}") = "VV", "VV\VV.vcxproj", "{FF07C339-A8BB-4521-A219-3AF4D88EAB64}"
EndProject
Global
	GlobalSection(SolutionConfigurationPlatforms) = preSolution
		Debug|x64 = Debug|x64
		Debug|x86 = Debug|x86
		Release|x64 = Release|x64
		Release|x86 = Release|x86
	EndGlobalSection
	GlobalSection(ProjectConfigurationPlatforms) = postSolution
		{FF07C339-A8BB-4521-A219-3AF4D88EAB64}.Debug|x64.ActiveCfg = Debug|x64
		{FF07C339-A8BB-4521-A219-3AF4D88EAB64}.Debug|x64.Build.0 = Debug|x64
		{FF07C339-A8BB-4521-A219-3AF4D88EAB64}.Debug|x86.ActiveCfg = Debug|Win32
		{FF07C339-A8BB-4521-A219-3AF4D88EAB64}.Debug|x86.Build.0 = Debug|Win32
		{FF07C339-A8BB-4521-A219-3AF4D88EAB64}.Release|x64.ActiveCfg = Release|x64
		{FF07C339-A8BB-4521-A219-3AF4D88EAB64}.Release|x64.Build.0 = Release|x64
		{FF07C339-A8BB-4521-A219-3AF4D88EAB64}.Release|x86.ActiveCfg = Release|Win32
		{FF07C339-A8BB-4521-A219-3AF4D88EAB64}.Release|x86.Build.0 = Release|Win32
	EndGlobalSection
	GlobalSection(SolutionProperties) = preSolution
		HideSolutionNode = FALSE
	EndGlobalSection
	GlobalSection(ExtensibilityGlobals) = postSolution
		SolutionGuid = {9B683663-B79A-4D51-ACDE-F9CE9BB84352}
	EndGlobalSection
EndGlobal
